
Microsoft Visual Studio Solution File, Format Version 12.00
# Visual Studio Version 17
VisualStudioVersion = 17.6.33829.357
MinimumVisualStudioVersion = 10.0.40219.1
Project("{FAE04EC0-301F-11D3-BF4B-00C04F79EFBC}") = "Parte016", "Parte016.csproj", "{CB08E2E2-6857-4461-8E7F-6370435160FB}"
EndProject
Global
	GlobalSection(SolutionConfigurationPlatforms) = preSolution
		Debug|Any CPU = Debug|Any CPU
		Release|Any CPU = Release|Any CPU
	EndGlobalSection
	GlobalSection(ProjectConfigurationPlatforms) = postSolution
		{CB08E2E2-6857-4461-8E7F-6370435160FB}.Debug|Any CPU.ActiveCfg = Debug|Any CPU
		{CB08E2E2-6857-4461-8E7F-6370435160FB}.Debug|Any CPU.Build.0 = Debug|Any CPU
		{CB08E2E2-6857-4461-8E7F-6370435160FB}.Release|Any CPU.ActiveCfg = Release|Any CPU
		{CB08E2E2-6857-4461-8E7F-6370435160FB}.Release|Any CPU.Build.0 = Release|Any CPU
	EndGlobalSection
	GlobalSection(SolutionProperties) = preSolution
		HideSolutionNode = FALSE
	EndGlobalSection
	GlobalSection(ExtensibilityGlobals) = postSolution
		SolutionGuid = {541E7BDA-B20C-4CCF-AC96-776771689815}
	EndGlobalSection
EndGlobal
