
Microsoft Visual Studio Solution File, Format Version 12.00
# Visual Studio Version 17
VisualStudioVersion = 17.6.33829.357
MinimumVisualStudioVersion = 10.0.40219.1
Project("{FAE04EC0-301F-11D3-BF4B-00C04F79EFBC}") = "Condicao", "Condicao.csproj", "{4A278492-160D-4D07-9885-EBF791B26E7C}"
EndProject
Project("{FAE04EC0-301F-11D3-BF4B-00C04F79EFBC}") = "CalcularIMC", "..\CalcularIMC\CalcularIMC.csproj", "{F20B7E1C-0B1A-4CB5-A0DE-45E99055BCBD}"
EndProject
Project("{FAE04EC0-301F-11D3-BF4B-00C04F79EFBC}") = "Controle", "..\Controle\Controle.csproj", "{D477EE4F-3AEB-4D1A-B824-47B5A3D4C1B5}"
EndProject
Project("{FAE04EC0-301F-11D3-BF4B-00C04F79EFBC}") = "Calculadora", "..\Calculadora\Calculadora.csproj", "{16E56AFD-84CD-4ED9-9B19-4996CFD8A96F}"
EndProject
Project("{FAE04EC0-301F-11D3-BF4B-00C04F79EFBC}") = "Ciclos", "..\Repeticao\Ciclos\Ciclos.csproj", "{F670BA5C-30DE-4FFE-B95F-2C9756C0B1F4}"
EndProject
Global
	GlobalSection(SolutionConfigurationPlatforms) = preSolution
		Debug|Any CPU = Debug|Any CPU
		Release|Any CPU = Release|Any CPU
	EndGlobalSection
	GlobalSection(ProjectConfigurationPlatforms) = postSolution
		{4A278492-160D-4D07-9885-EBF791B26E7C}.Debug|Any CPU.ActiveCfg = Debug|Any CPU
		{4A278492-160D-4D07-9885-EBF791B26E7C}.Debug|Any CPU.Build.0 = Debug|Any CPU
		{4A278492-160D-4D07-9885-EBF791B26E7C}.Release|Any CPU.ActiveCfg = Release|Any CPU
		{4A278492-160D-4D07-9885-EBF791B26E7C}.Release|Any CPU.Build.0 = Release|Any CPU
		{F20B7E1C-0B1A-4CB5-A0DE-45E99055BCBD}.Debug|Any CPU.ActiveCfg = Debug|Any CPU
		{F20B7E1C-0B1A-4CB5-A0DE-45E99055BCBD}.Debug|Any CPU.Build.0 = Debug|Any CPU
		{F20B7E1C-0B1A-4CB5-A0DE-45E99055BCBD}.Release|Any CPU.ActiveCfg = Release|Any CPU
		{F20B7E1C-0B1A-4CB5-A0DE-45E99055BCBD}.Release|Any CPU.Build.0 = Release|Any CPU
		{D477EE4F-3AEB-4D1A-B824-47B5A3D4C1B5}.Debug|Any CPU.ActiveCfg = Debug|Any CPU
		{D477EE4F-3AEB-4D1A-B824-47B5A3D4C1B5}.Debug|Any CPU.Build.0 = Debug|Any CPU
		{D477EE4F-3AEB-4D1A-B824-47B5A3D4C1B5}.Release|Any CPU.ActiveCfg = Release|Any CPU
		{D477EE4F-3AEB-4D1A-B824-47B5A3D4C1B5}.Release|Any CPU.Build.0 = Release|Any CPU
		{16E56AFD-84CD-4ED9-9B19-4996CFD8A96F}.Debug|Any CPU.ActiveCfg = Debug|Any CPU
		{16E56AFD-84CD-4ED9-9B19-4996CFD8A96F}.Debug|Any CPU.Build.0 = Debug|Any CPU
		{16E56AFD-84CD-4ED9-9B19-4996CFD8A96F}.Release|Any CPU.ActiveCfg = Release|Any CPU
		{16E56AFD-84CD-4ED9-9B19-4996CFD8A96F}.Release|Any CPU.Build.0 = Release|Any CPU
		{F670BA5C-30DE-4FFE-B95F-2C9756C0B1F4}.Debug|Any CPU.ActiveCfg = Debug|Any CPU
		{F670BA5C-30DE-4FFE-B95F-2C9756C0B1F4}.Debug|Any CPU.Build.0 = Debug|Any CPU
		{F670BA5C-30DE-4FFE-B95F-2C9756C0B1F4}.Release|Any CPU.ActiveCfg = Release|Any CPU
		{F670BA5C-30DE-4FFE-B95F-2C9756C0B1F4}.Release|Any CPU.Build.0 = Release|Any CPU
	EndGlobalSection
	GlobalSection(SolutionProperties) = preSolution
		HideSolutionNode = FALSE
	EndGlobalSection
	GlobalSection(ExtensibilityGlobals) = postSolution
		SolutionGuid = {484EE662-0506-49D7-967B-19A25A33A376}
	EndGlobalSection
EndGlobal
