
Microsoft Visual Studio Solution File, Format Version 12.00
# Visual Studio Version 17
VisualStudioVersion = 17.6.33829.357
MinimumVisualStudioVersion = 10.0.40219.1
Project("{FAE04EC0-301F-11D3-BF4B-00C04F79EFBC}") = "JoKenPo", "JoKenPo.csproj", "{54C864EE-3E91-4342-9E37-F843D4485A54}"
EndProject
Global
	GlobalSection(SolutionConfigurationPlatforms) = preSolution
		Debug|Any CPU = Debug|Any CPU
		Release|Any CPU = Release|Any CPU
	EndGlobalSection
	GlobalSection(ProjectConfigurationPlatforms) = postSolution
		{54C864EE-3E91-4342-9E37-F843D4485A54}.Debug|Any CPU.ActiveCfg = Debug|Any CPU
		{54C864EE-3E91-4342-9E37-F843D4485A54}.Debug|Any CPU.Build.0 = Debug|Any CPU
		{54C864EE-3E91-4342-9E37-F843D4485A54}.Release|Any CPU.ActiveCfg = Release|Any CPU
		{54C864EE-3E91-4342-9E37-F843D4485A54}.Release|Any CPU.Build.0 = Release|Any CPU
	EndGlobalSection
	GlobalSection(SolutionProperties) = preSolution
		HideSolutionNode = FALSE
	EndGlobalSection
	GlobalSection(ExtensibilityGlobals) = postSolution
		SolutionGuid = {4B735451-696A-44DF-A2E3-38056EDE255F}
	EndGlobalSection
EndGlobal
