
Microsoft Visual Studio Solution File, Format Version 12.00
# Visual Studio Version 17
VisualStudioVersion = 17.6.33829.357
MinimumVisualStudioVersion = 10.0.40219.1
Project("{FAE04EC0-301F-11D3-BF4B-00C04F79EFBC}") = "TransferirArquivoServer", "TransferirArquivoServer\TransferirArquivoServer.csproj", "{BACF26F2-C7C6-4C43-A8C0-164DC486C089}"
EndProject
Project("{FAE04EC0-301F-11D3-BF4B-00C04F79EFBC}") = "TransferirArquivoClient", "TransferirArquivoClient\TransferirArquivoClient.csproj", "{6F7333DA-5988-479C-BF2E-0BC79C7D7A7F}"
EndProject
Global
	GlobalSection(SolutionConfigurationPlatforms) = preSolution
		Debug|Any CPU = Debug|Any CPU
		Release|Any CPU = Release|Any CPU
	EndGlobalSection
	GlobalSection(ProjectConfigurationPlatforms) = postSolution
		{BACF26F2-C7C6-4C43-A8C0-164DC486C089}.Debug|Any CPU.ActiveCfg = Debug|Any CPU
		{BACF26F2-C7C6-4C43-A8C0-164DC486C089}.Debug|Any CPU.Build.0 = Debug|Any CPU
		{BACF26F2-C7C6-4C43-A8C0-164DC486C089}.Release|Any CPU.ActiveCfg = Release|Any CPU
		{BACF26F2-C7C6-4C43-A8C0-164DC486C089}.Release|Any CPU.Build.0 = Release|Any CPU
		{6F7333DA-5988-479C-BF2E-0BC79C7D7A7F}.Debug|Any CPU.ActiveCfg = Debug|Any CPU
		{6F7333DA-5988-479C-BF2E-0BC79C7D7A7F}.Debug|Any CPU.Build.0 = Debug|Any CPU
		{6F7333DA-5988-479C-BF2E-0BC79C7D7A7F}.Release|Any CPU.ActiveCfg = Release|Any CPU
		{6F7333DA-5988-479C-BF2E-0BC79C7D7A7F}.Release|Any CPU.Build.0 = Release|Any CPU
	EndGlobalSection
	GlobalSection(SolutionProperties) = preSolution
		HideSolutionNode = FALSE
	EndGlobalSection
	GlobalSection(ExtensibilityGlobals) = postSolution
		SolutionGuid = {ED36DB80-D919-4778-B844-EB428D226725}
	EndGlobalSection
EndGlobal
