
Microsoft Visual Studio Solution File, Format Version 12.00
# Visual Studio Version 17
VisualStudioVersion = 17.6.33829.357
MinimumVisualStudioVersion = 10.0.40219.1
Project("{FAE04EC0-301F-11D3-BF4B-00C04F79EFBC}") = "Parte030", "Parte030.csproj", "{7540F198-FE73-4E3B-9CF2-98411CAAFC97}"
EndProject
Global
	GlobalSection(SolutionConfigurationPlatforms) = preSolution
		Debug|Any CPU = Debug|Any CPU
		Release|Any CPU = Release|Any CPU
	EndGlobalSection
	GlobalSection(ProjectConfigurationPlatforms) = postSolution
		{7540F198-FE73-4E3B-9CF2-98411CAAFC97}.Debug|Any CPU.ActiveCfg = Debug|Any CPU
		{7540F198-FE73-4E3B-9CF2-98411CAAFC97}.Debug|Any CPU.Build.0 = Debug|Any CPU
		{7540F198-FE73-4E3B-9CF2-98411CAAFC97}.Release|Any CPU.ActiveCfg = Release|Any CPU
		{7540F198-FE73-4E3B-9CF2-98411CAAFC97}.Release|Any CPU.Build.0 = Release|Any CPU
	EndGlobalSection
	GlobalSection(SolutionProperties) = preSolution
		HideSolutionNode = FALSE
	EndGlobalSection
	GlobalSection(ExtensibilityGlobals) = postSolution
		SolutionGuid = {E0071E0D-6957-421D-9760-DCD529BABD71}
	EndGlobalSection
EndGlobal
