
Microsoft Visual Studio Solution File, Format Version 12.00
# Visual Studio Version 17
VisualStudioVersion = 17.6.33829.357
MinimumVisualStudioVersion = 10.0.40219.1
Project("{FAE04EC0-301F-11D3-BF4B-00C04F79EFBC}") = "Arquivo", "Arquivo.csproj", "{822E4D32-7938-4D3C-8376-11678EA2ABEA}"
EndProject
Global
	GlobalSection(SolutionConfigurationPlatforms) = preSolution
		Debug|Any CPU = Debug|Any CPU
		Release|Any CPU = Release|Any CPU
	EndGlobalSection
	GlobalSection(ProjectConfigurationPlatforms) = postSolution
		{822E4D32-7938-4D3C-8376-11678EA2ABEA}.Debug|Any CPU.ActiveCfg = Debug|Any CPU
		{822E4D32-7938-4D3C-8376-11678EA2ABEA}.Debug|Any CPU.Build.0 = Debug|Any CPU
		{822E4D32-7938-4D3C-8376-11678EA2ABEA}.Release|Any CPU.ActiveCfg = Release|Any CPU
		{822E4D32-7938-4D3C-8376-11678EA2ABEA}.Release|Any CPU.Build.0 = Release|Any CPU
	EndGlobalSection
	GlobalSection(SolutionProperties) = preSolution
		HideSolutionNode = FALSE
	EndGlobalSection
	GlobalSection(ExtensibilityGlobals) = postSolution
		SolutionGuid = {F6706251-002B-412A-8AD2-876035B55585}
	EndGlobalSection
EndGlobal
