
Microsoft Visual Studio Solution File, Format Version 12.00
# Visual Studio Version 17
VisualStudioVersion = 17.6.33829.357
MinimumVisualStudioVersion = 10.0.40219.1
Project("{FAE04EC0-301F-11D3-BF4B-00C04F79EFBC}") = "Parte027", "Parte027.csproj", "{6833D18F-A2BF-43F6-9B84-2E3B4E2926FB}"
EndProject
Global
	GlobalSection(SolutionConfigurationPlatforms) = preSolution
		Debug|Any CPU = Debug|Any CPU
		Release|Any CPU = Release|Any CPU
	EndGlobalSection
	GlobalSection(ProjectConfigurationPlatforms) = postSolution
		{6833D18F-A2BF-43F6-9B84-2E3B4E2926FB}.Debug|Any CPU.ActiveCfg = Debug|Any CPU
		{6833D18F-A2BF-43F6-9B84-2E3B4E2926FB}.Debug|Any CPU.Build.0 = Debug|Any CPU
		{6833D18F-A2BF-43F6-9B84-2E3B4E2926FB}.Release|Any CPU.ActiveCfg = Release|Any CPU
		{6833D18F-A2BF-43F6-9B84-2E3B4E2926FB}.Release|Any CPU.Build.0 = Release|Any CPU
	EndGlobalSection
	GlobalSection(SolutionProperties) = preSolution
		HideSolutionNode = FALSE
	EndGlobalSection
	GlobalSection(ExtensibilityGlobals) = postSolution
		SolutionGuid = {A5D7148A-9160-4E02-A3CC-56CBA8B5FFD1}
	EndGlobalSection
EndGlobal
