
Microsoft Visual Studio Solution File, Format Version 12.00
# Visual Studio Version 17
VisualStudioVersion = 17.6.33829.357
MinimumVisualStudioVersion = 10.0.40219.1
Project("{FAE04EC0-301F-11D3-BF4B-00C04F79EFBC}") = "Parte040", "Parte040.csproj", "{43BEE5B0-72F5-4856-B0CD-919CDE7E18E5}"
EndProject
Global
	GlobalSection(SolutionConfigurationPlatforms) = preSolution
		Debug|Any CPU = Debug|Any CPU
		Release|Any CPU = Release|Any CPU
	EndGlobalSection
	GlobalSection(ProjectConfigurationPlatforms) = postSolution
		{43BEE5B0-72F5-4856-B0CD-919CDE7E18E5}.Debug|Any CPU.ActiveCfg = Debug|Any CPU
		{43BEE5B0-72F5-4856-B0CD-919CDE7E18E5}.Debug|Any CPU.Build.0 = Debug|Any CPU
		{43BEE5B0-72F5-4856-B0CD-919CDE7E18E5}.Release|Any CPU.ActiveCfg = Release|Any CPU
		{43BEE5B0-72F5-4856-B0CD-919CDE7E18E5}.Release|Any CPU.Build.0 = Release|Any CPU
	EndGlobalSection
	GlobalSection(SolutionProperties) = preSolution
		HideSolutionNode = FALSE
	EndGlobalSection
	GlobalSection(ExtensibilityGlobals) = postSolution
		SolutionGuid = {A4051220-5402-45FE-BE9C-7FE70B61AB22}
	EndGlobalSection
EndGlobal
