
Microsoft Visual Studio Solution File, Format Version 12.00
# Visual Studio Version 17
VisualStudioVersion = 17.6.33829.357
MinimumVisualStudioVersion = 10.0.40219.1
Project("{FAE04EC0-301F-11D3-BF4B-00C04F79EFBC}") = "Formulario", "Formulario.csproj", "{39F901BC-B8C0-4E86-9179-E1FBBCC4CE1B}"
EndProject
Global
	GlobalSection(SolutionConfigurationPlatforms) = preSolution
		Debug|Any CPU = Debug|Any CPU
		Release|Any CPU = Release|Any CPU
	EndGlobalSection
	GlobalSection(ProjectConfigurationPlatforms) = postSolution
		{39F901BC-B8C0-4E86-9179-E1FBBCC4CE1B}.Debug|Any CPU.ActiveCfg = Debug|Any CPU
		{39F901BC-B8C0-4E86-9179-E1FBBCC4CE1B}.Debug|Any CPU.Build.0 = Debug|Any CPU
		{39F901BC-B8C0-4E86-9179-E1FBBCC4CE1B}.Release|Any CPU.ActiveCfg = Release|Any CPU
		{39F901BC-B8C0-4E86-9179-E1FBBCC4CE1B}.Release|Any CPU.Build.0 = Release|Any CPU
	EndGlobalSection
	GlobalSection(SolutionProperties) = preSolution
		HideSolutionNode = FALSE
	EndGlobalSection
	GlobalSection(ExtensibilityGlobals) = postSolution
		SolutionGuid = {DA388762-EEBB-4AE6-8ADA-9E1A0F6C3B9A}
	EndGlobalSection
EndGlobal
