
Microsoft Visual Studio Solution File, Format Version 12.00
# Visual Studio Version 17
VisualStudioVersion = 17.6.33829.357
MinimumVisualStudioVersion = 10.0.40219.1
Project("{FAE04EC0-301F-11D3-BF4B-00C04F79EFBC}") = "GDIPlus", "GDIPlus\GDIPlus.csproj", "{8133F56D-1BC5-44AE-94A8-0D3508D2FCDA}"
EndProject
Global
	GlobalSection(SolutionConfigurationPlatforms) = preSolution
		Debug|Any CPU = Debug|Any CPU
		Release|Any CPU = Release|Any CPU
	EndGlobalSection
	GlobalSection(ProjectConfigurationPlatforms) = postSolution
		{8133F56D-1BC5-44AE-94A8-0D3508D2FCDA}.Debug|Any CPU.ActiveCfg = Debug|Any CPU
		{8133F56D-1BC5-44AE-94A8-0D3508D2FCDA}.Debug|Any CPU.Build.0 = Debug|Any CPU
		{8133F56D-1BC5-44AE-94A8-0D3508D2FCDA}.Release|Any CPU.ActiveCfg = Release|Any CPU
		{8133F56D-1BC5-44AE-94A8-0D3508D2FCDA}.Release|Any CPU.Build.0 = Release|Any CPU
	EndGlobalSection
	GlobalSection(SolutionProperties) = preSolution
		HideSolutionNode = FALSE
	EndGlobalSection
	GlobalSection(ExtensibilityGlobals) = postSolution
		SolutionGuid = {6405984E-4224-4385-A9DC-C32DBC0815C9}
	EndGlobalSection
EndGlobal
