
Microsoft Visual Studio Solution File, Format Version 12.00
# Visual Studio Version 17
VisualStudioVersion = 17.6.33829.357
MinimumVisualStudioVersion = 10.0.40219.1
Project("{FAE04EC0-301F-11D3-BF4B-00C04F79EFBC}") = "ClassesObjetos", "ClassesObjetos\ClassesObjetos.csproj", "{E8DF3C36-959D-46D3-848B-6C1A89AFD906}"
EndProject
Project("{FAE04EC0-301F-11D3-BF4B-00C04F79EFBC}") = "MetodosDasClasses", "MetodosDasClasses\MetodosDasClasses.csproj", "{6D5B72D0-666B-410D-A49C-B7F2CA5FD247}"
EndProject
Project("{FAE04EC0-301F-11D3-BF4B-00C04F79EFBC}") = "TermoThis", "TermoThis\TermoThis.csproj", "{54FF275F-6B8E-4052-97AF-71F5C957B12C}"
EndProject
Project("{FAE04EC0-301F-11D3-BF4B-00C04F79EFBC}") = "TipoDelegate", "TipoDelegate\TipoDelegate.csproj", "{FA4150A3-2EA6-4050-AF8E-B5A8FA5ACD89}"
EndProject
Project("{FAE04EC0-301F-11D3-BF4B-00C04F79EFBC}") = "MetodoConstrutor", "MetodoConstrutor\MetodoConstrutor.csproj", "{42FC1E6D-225B-4F4E-9292-0C7BF3FCFF15}"
EndProject
Project("{FAE04EC0-301F-11D3-BF4B-00C04F79EFBC}") = "Estaticas", "Estaticas\Estaticas.csproj", "{6DC4F27D-19F0-43D3-A4CA-A3EE76FCB2E5}"
EndProject
Project("{FAE04EC0-301F-11D3-BF4B-00C04F79EFBC}") = "Propriedades", "Propriedades\Propriedades.csproj", "{30B984CC-2D41-4A76-9158-FEE2E6DD1271}"
EndProject
Project("{FAE04EC0-301F-11D3-BF4B-00C04F79EFBC}") = "Encapsular", "Encapsular\Encapsular.csproj", "{4EB429B9-74D6-4BBC-BD6A-B7C12762E380}"
EndProject
Project("{FAE04EC0-301F-11D3-BF4B-00C04F79EFBC}") = "Heranca", "Heranca\Heranca.csproj", "{5EB3ECF7-045F-4E5C-9FC2-43BF4553872E}"
EndProject
Global
	GlobalSection(SolutionConfigurationPlatforms) = preSolution
		Debug|Any CPU = Debug|Any CPU
		Release|Any CPU = Release|Any CPU
	EndGlobalSection
	GlobalSection(ProjectConfigurationPlatforms) = postSolution
		{E8DF3C36-959D-46D3-848B-6C1A89AFD906}.Debug|Any CPU.ActiveCfg = Debug|Any CPU
		{E8DF3C36-959D-46D3-848B-6C1A89AFD906}.Debug|Any CPU.Build.0 = Debug|Any CPU
		{E8DF3C36-959D-46D3-848B-6C1A89AFD906}.Release|Any CPU.ActiveCfg = Release|Any CPU
		{E8DF3C36-959D-46D3-848B-6C1A89AFD906}.Release|Any CPU.Build.0 = Release|Any CPU
		{6D5B72D0-666B-410D-A49C-B7F2CA5FD247}.Debug|Any CPU.ActiveCfg = Debug|Any CPU
		{6D5B72D0-666B-410D-A49C-B7F2CA5FD247}.Debug|Any CPU.Build.0 = Debug|Any CPU
		{6D5B72D0-666B-410D-A49C-B7F2CA5FD247}.Release|Any CPU.ActiveCfg = Release|Any CPU
		{6D5B72D0-666B-410D-A49C-B7F2CA5FD247}.Release|Any CPU.Build.0 = Release|Any CPU
		{54FF275F-6B8E-4052-97AF-71F5C957B12C}.Debug|Any CPU.ActiveCfg = Debug|Any CPU
		{54FF275F-6B8E-4052-97AF-71F5C957B12C}.Debug|Any CPU.Build.0 = Debug|Any CPU
		{54FF275F-6B8E-4052-97AF-71F5C957B12C}.Release|Any CPU.ActiveCfg = Release|Any CPU
		{54FF275F-6B8E-4052-97AF-71F5C957B12C}.Release|Any CPU.Build.0 = Release|Any CPU
		{FA4150A3-2EA6-4050-AF8E-B5A8FA5ACD89}.Debug|Any CPU.ActiveCfg = Debug|Any CPU
		{FA4150A3-2EA6-4050-AF8E-B5A8FA5ACD89}.Debug|Any CPU.Build.0 = Debug|Any CPU
		{FA4150A3-2EA6-4050-AF8E-B5A8FA5ACD89}.Release|Any CPU.ActiveCfg = Release|Any CPU
		{FA4150A3-2EA6-4050-AF8E-B5A8FA5ACD89}.Release|Any CPU.Build.0 = Release|Any CPU
		{42FC1E6D-225B-4F4E-9292-0C7BF3FCFF15}.Debug|Any CPU.ActiveCfg = Debug|Any CPU
		{42FC1E6D-225B-4F4E-9292-0C7BF3FCFF15}.Debug|Any CPU.Build.0 = Debug|Any CPU
		{42FC1E6D-225B-4F4E-9292-0C7BF3FCFF15}.Release|Any CPU.ActiveCfg = Release|Any CPU
		{42FC1E6D-225B-4F4E-9292-0C7BF3FCFF15}.Release|Any CPU.Build.0 = Release|Any CPU
		{6DC4F27D-19F0-43D3-A4CA-A3EE76FCB2E5}.Debug|Any CPU.ActiveCfg = Debug|Any CPU
		{6DC4F27D-19F0-43D3-A4CA-A3EE76FCB2E5}.Debug|Any CPU.Build.0 = Debug|Any CPU
		{6DC4F27D-19F0-43D3-A4CA-A3EE76FCB2E5}.Release|Any CPU.ActiveCfg = Release|Any CPU
		{6DC4F27D-19F0-43D3-A4CA-A3EE76FCB2E5}.Release|Any CPU.Build.0 = Release|Any CPU
		{30B984CC-2D41-4A76-9158-FEE2E6DD1271}.Debug|Any CPU.ActiveCfg = Debug|Any CPU
		{30B984CC-2D41-4A76-9158-FEE2E6DD1271}.Debug|Any CPU.Build.0 = Debug|Any CPU
		{30B984CC-2D41-4A76-9158-FEE2E6DD1271}.Release|Any CPU.ActiveCfg = Release|Any CPU
		{30B984CC-2D41-4A76-9158-FEE2E6DD1271}.Release|Any CPU.Build.0 = Release|Any CPU
		{4EB429B9-74D6-4BBC-BD6A-B7C12762E380}.Debug|Any CPU.ActiveCfg = Debug|Any CPU
		{4EB429B9-74D6-4BBC-BD6A-B7C12762E380}.Debug|Any CPU.Build.0 = Debug|Any CPU
		{4EB429B9-74D6-4BBC-BD6A-B7C12762E380}.Release|Any CPU.ActiveCfg = Release|Any CPU
		{4EB429B9-74D6-4BBC-BD6A-B7C12762E380}.Release|Any CPU.Build.0 = Release|Any CPU
		{5EB3ECF7-045F-4E5C-9FC2-43BF4553872E}.Debug|Any CPU.ActiveCfg = Debug|Any CPU
		{5EB3ECF7-045F-4E5C-9FC2-43BF4553872E}.Debug|Any CPU.Build.0 = Debug|Any CPU
		{5EB3ECF7-045F-4E5C-9FC2-43BF4553872E}.Release|Any CPU.ActiveCfg = Release|Any CPU
		{5EB3ECF7-045F-4E5C-9FC2-43BF4553872E}.Release|Any CPU.Build.0 = Release|Any CPU
	EndGlobalSection
	GlobalSection(SolutionProperties) = preSolution
		HideSolutionNode = FALSE
	EndGlobalSection
	GlobalSection(ExtensibilityGlobals) = postSolution
		SolutionGuid = {91CD216F-ABAC-45B5-BB78-59CCFEB55890}
	EndGlobalSection
EndGlobal
