
Microsoft Visual Studio Solution File, Format Version 12.00
# Visual Studio Version 17
VisualStudioVersion = 17.6.33829.357
MinimumVisualStudioVersion = 10.0.40219.1
Project("{FAE04EC0-301F-11D3-BF4B-00C04F79EFBC}") = "ClassesObjetos", "ClassesObjetos\ClassesObjetos.csproj", "{E8DF3C36-959D-46D3-848B-6C1A89AFD906}"
EndProject
Project("{FAE04EC0-301F-11D3-BF4B-00C04F79EFBC}") = "MetodosDasClasses", "MetodosDasClasses\MetodosDasClasses.csproj", "{6D5B72D0-666B-410D-A49C-B7F2CA5FD247}"
EndProject
Project("{FAE04EC0-301F-11D3-BF4B-00C04F79EFBC}") = "TermoThis", "TermoThis\TermoThis.csproj", "{54FF275F-6B8E-4052-97AF-71F5C957B12C}"
EndProject
Project("{FAE04EC0-301F-11D3-BF4B-00C04F79EFBC}") = "TipoDelegate", "TipoDelegate\TipoDelegate.csproj", "{FA4150A3-2EA6-4050-AF8E-B5A8FA5ACD89}"
EndProject
Global
	GlobalSection(SolutionConfigurationPlatforms) = preSolution
		Debug|Any CPU = Debug|Any CPU
		Release|Any CPU = Release|Any CPU
	EndGlobalSection
	GlobalSection(ProjectConfigurationPlatforms) = postSolution
		{E8DF3C36-959D-46D3-848B-6C1A89AFD906}.Debug|Any CPU.ActiveCfg = Debug|Any CPU
		{E8DF3C36-959D-46D3-848B-6C1A89AFD906}.Debug|Any CPU.Build.0 = Debug|Any CPU
		{E8DF3C36-959D-46D3-848B-6C1A89AFD906}.Release|Any CPU.ActiveCfg = Release|Any CPU
		{E8DF3C36-959D-46D3-848B-6C1A89AFD906}.Release|Any CPU.Build.0 = Release|Any CPU
		{6D5B72D0-666B-410D-A49C-B7F2CA5FD247}.Debug|Any CPU.ActiveCfg = Debug|Any CPU
		{6D5B72D0-666B-410D-A49C-B7F2CA5FD247}.Debug|Any CPU.Build.0 = Debug|Any CPU
		{6D5B72D0-666B-410D-A49C-B7F2CA5FD247}.Release|Any CPU.ActiveCfg = Release|Any CPU
		{6D5B72D0-666B-410D-A49C-B7F2CA5FD247}.Release|Any CPU.Build.0 = Release|Any CPU
		{54FF275F-6B8E-4052-97AF-71F5C957B12C}.Debug|Any CPU.ActiveCfg = Debug|Any CPU
		{54FF275F-6B8E-4052-97AF-71F5C957B12C}.Debug|Any CPU.Build.0 = Debug|Any CPU
		{54FF275F-6B8E-4052-97AF-71F5C957B12C}.Release|Any CPU.ActiveCfg = Release|Any CPU
		{54FF275F-6B8E-4052-97AF-71F5C957B12C}.Release|Any CPU.Build.0 = Release|Any CPU
		{FA4150A3-2EA6-4050-AF8E-B5A8FA5ACD89}.Debug|Any CPU.ActiveCfg = Debug|Any CPU
		{FA4150A3-2EA6-4050-AF8E-B5A8FA5ACD89}.Debug|Any CPU.Build.0 = Debug|Any CPU
		{FA4150A3-2EA6-4050-AF8E-B5A8FA5ACD89}.Release|Any CPU.ActiveCfg = Release|Any CPU
		{FA4150A3-2EA6-4050-AF8E-B5A8FA5ACD89}.Release|Any CPU.Build.0 = Release|Any CPU
	EndGlobalSection
	GlobalSection(SolutionProperties) = preSolution
		HideSolutionNode = FALSE
	EndGlobalSection
	GlobalSection(ExtensibilityGlobals) = postSolution
		SolutionGuid = {91CD216F-ABAC-45B5-BB78-59CCFEB55890}
	EndGlobalSection
EndGlobal
