
Microsoft Visual Studio Solution File, Format Version 12.00
# Visual Studio Version 17
VisualStudioVersion = 17.6.33829.357
MinimumVisualStudioVersion = 10.0.40219.1
Project("{FAE04EC0-301F-11D3-BF4B-00C04F79EFBC}") = "Colecao", "Colecao\Colecao.csproj", "{3E3F3B4B-D2BD-4FB2-8092-B283581C5DD7}"
EndProject
Global
	GlobalSection(SolutionConfigurationPlatforms) = preSolution
		Debug|Any CPU = Debug|Any CPU
		Release|Any CPU = Release|Any CPU
	EndGlobalSection
	GlobalSection(ProjectConfigurationPlatforms) = postSolution
		{3E3F3B4B-D2BD-4FB2-8092-B283581C5DD7}.Debug|Any CPU.ActiveCfg = Debug|Any CPU
		{3E3F3B4B-D2BD-4FB2-8092-B283581C5DD7}.Debug|Any CPU.Build.0 = Debug|Any CPU
		{3E3F3B4B-D2BD-4FB2-8092-B283581C5DD7}.Release|Any CPU.ActiveCfg = Release|Any CPU
		{3E3F3B4B-D2BD-4FB2-8092-B283581C5DD7}.Release|Any CPU.Build.0 = Release|Any CPU
	EndGlobalSection
	GlobalSection(SolutionProperties) = preSolution
		HideSolutionNode = FALSE
	EndGlobalSection
	GlobalSection(ExtensibilityGlobals) = postSolution
		SolutionGuid = {5EB02DA0-B75B-4775-A02D-C51459857A84}
	EndGlobalSection
EndGlobal
