
Microsoft Visual Studio Solution File, Format Version 12.00
# Visual Studio Version 17
VisualStudioVersion = 17.6.33829.357
MinimumVisualStudioVersion = 10.0.40219.1
Project("{FAE04EC0-301F-11D3-BF4B-00C04F79EFBC}") = "Parte038", "Parte038.csproj", "{0DEFB17A-CCBB-4E65-B104-E8730D8D0BD7}"
EndProject
Global
	GlobalSection(SolutionConfigurationPlatforms) = preSolution
		Debug|Any CPU = Debug|Any CPU
		Release|Any CPU = Release|Any CPU
	EndGlobalSection
	GlobalSection(ProjectConfigurationPlatforms) = postSolution
		{0DEFB17A-CCBB-4E65-B104-E8730D8D0BD7}.Debug|Any CPU.ActiveCfg = Debug|Any CPU
		{0DEFB17A-CCBB-4E65-B104-E8730D8D0BD7}.Debug|Any CPU.Build.0 = Debug|Any CPU
		{0DEFB17A-CCBB-4E65-B104-E8730D8D0BD7}.Release|Any CPU.ActiveCfg = Release|Any CPU
		{0DEFB17A-CCBB-4E65-B104-E8730D8D0BD7}.Release|Any CPU.Build.0 = Release|Any CPU
	EndGlobalSection
	GlobalSection(SolutionProperties) = preSolution
		HideSolutionNode = FALSE
	EndGlobalSection
	GlobalSection(ExtensibilityGlobals) = postSolution
		SolutionGuid = {215FBB1E-E898-4B55-9FC7-0F66921D5533}
	EndGlobalSection
EndGlobal
