
Microsoft Visual Studio Solution File, Format Version 12.00
# Visual Studio Version 17
VisualStudioVersion = 17.6.33829.357
MinimumVisualStudioVersion = 10.0.40219.1
Project("{FAE04EC0-301F-11D3-BF4B-00C04F79EFBC}") = "SistemaLogin", "SistemaLogin.csproj", "{F80DDDFF-CC09-4886-B120-FD7AB079AC36}"
EndProject
Project("{FAE04EC0-301F-11D3-BF4B-00C04F79EFBC}") = "ManipularNumeros", "..\ManipularNumeros\ManipularNumeros.csproj", "{1EF3B099-6D1C-4A7C-AB47-436C5CA24388}"
EndProject
Project("{FAE04EC0-301F-11D3-BF4B-00C04F79EFBC}") = "Colecoes", "..\..\Colecoes\Colecao\Colecoes\Colecoes.csproj", "{3350A155-3696-4983-9220-D48172B36594}"
EndProject
Project("{FAE04EC0-301F-11D3-BF4B-00C04F79EFBC}") = "JoKenPo", "..\JoKenPo\JoKenPo.csproj", "{54C864EE-3E91-4342-9E37-F843D4485A54}"
EndProject
Global
	GlobalSection(SolutionConfigurationPlatforms) = preSolution
		Debug|Any CPU = Debug|Any CPU
		Release|Any CPU = Release|Any CPU
	EndGlobalSection
	GlobalSection(ProjectConfigurationPlatforms) = postSolution
		{F80DDDFF-CC09-4886-B120-FD7AB079AC36}.Debug|Any CPU.ActiveCfg = Debug|Any CPU
		{F80DDDFF-CC09-4886-B120-FD7AB079AC36}.Debug|Any CPU.Build.0 = Debug|Any CPU
		{F80DDDFF-CC09-4886-B120-FD7AB079AC36}.Release|Any CPU.ActiveCfg = Release|Any CPU
		{F80DDDFF-CC09-4886-B120-FD7AB079AC36}.Release|Any CPU.Build.0 = Release|Any CPU
		{1EF3B099-6D1C-4A7C-AB47-436C5CA24388}.Debug|Any CPU.ActiveCfg = Debug|Any CPU
		{1EF3B099-6D1C-4A7C-AB47-436C5CA24388}.Debug|Any CPU.Build.0 = Debug|Any CPU
		{1EF3B099-6D1C-4A7C-AB47-436C5CA24388}.Release|Any CPU.ActiveCfg = Release|Any CPU
		{1EF3B099-6D1C-4A7C-AB47-436C5CA24388}.Release|Any CPU.Build.0 = Release|Any CPU
		{3350A155-3696-4983-9220-D48172B36594}.Debug|Any CPU.ActiveCfg = Debug|Any CPU
		{3350A155-3696-4983-9220-D48172B36594}.Debug|Any CPU.Build.0 = Debug|Any CPU
		{3350A155-3696-4983-9220-D48172B36594}.Release|Any CPU.ActiveCfg = Release|Any CPU
		{3350A155-3696-4983-9220-D48172B36594}.Release|Any CPU.Build.0 = Release|Any CPU
		{54C864EE-3E91-4342-9E37-F843D4485A54}.Debug|Any CPU.ActiveCfg = Debug|Any CPU
		{54C864EE-3E91-4342-9E37-F843D4485A54}.Debug|Any CPU.Build.0 = Debug|Any CPU
		{54C864EE-3E91-4342-9E37-F843D4485A54}.Release|Any CPU.ActiveCfg = Release|Any CPU
		{54C864EE-3E91-4342-9E37-F843D4485A54}.Release|Any CPU.Build.0 = Release|Any CPU
	EndGlobalSection
	GlobalSection(SolutionProperties) = preSolution
		HideSolutionNode = FALSE
	EndGlobalSection
	GlobalSection(ExtensibilityGlobals) = postSolution
		SolutionGuid = {E9A1FF65-3774-4E98-8C97-150C78D1EC4C}
	EndGlobalSection
EndGlobal
