
Microsoft Visual Studio Solution File, Format Version 12.00
# Visual Studio Version 17
VisualStudioVersion = 17.6.33829.357
MinimumVisualStudioVersion = 10.0.40219.1
Project("{FAE04EC0-301F-11D3-BF4B-00C04F79EFBC}") = "BibliotecaDLL", "BibliotecaDLL\BibliotecaDLL.csproj", "{BFDFBA09-77CB-44DB-AA81-1DE9A475C0FF}"
EndProject
Project("{FAE04EC0-301F-11D3-BF4B-00C04F79EFBC}") = "Operacoes", "Operacoes\Operacoes.csproj", "{97E64188-A36C-484B-85B8-11205715AD87}"
EndProject
Project("{FAE04EC0-301F-11D3-BF4B-00C04F79EFBC}") = "TesteDLL", "TesteDLL\TesteDLL.csproj", "{B7305398-8483-43E0-912D-ED6FF00A54EB}"
EndProject
Project("{FAE04EC0-301F-11D3-BF4B-00C04F79EFBC}") = "MeuApp", "MeuApp\MeuApp.csproj", "{A0B7CF48-10A1-49C0-A1A6-1805C433ED75}"
EndProject
Global
	GlobalSection(SolutionConfigurationPlatforms) = preSolution
		Debug|Any CPU = Debug|Any CPU
		Release|Any CPU = Release|Any CPU
	EndGlobalSection
	GlobalSection(ProjectConfigurationPlatforms) = postSolution
		{BFDFBA09-77CB-44DB-AA81-1DE9A475C0FF}.Debug|Any CPU.ActiveCfg = Debug|Any CPU
		{BFDFBA09-77CB-44DB-AA81-1DE9A475C0FF}.Debug|Any CPU.Build.0 = Debug|Any CPU
		{BFDFBA09-77CB-44DB-AA81-1DE9A475C0FF}.Release|Any CPU.ActiveCfg = Release|Any CPU
		{BFDFBA09-77CB-44DB-AA81-1DE9A475C0FF}.Release|Any CPU.Build.0 = Release|Any CPU
		{97E64188-A36C-484B-85B8-11205715AD87}.Debug|Any CPU.ActiveCfg = Debug|Any CPU
		{97E64188-A36C-484B-85B8-11205715AD87}.Debug|Any CPU.Build.0 = Debug|Any CPU
		{97E64188-A36C-484B-85B8-11205715AD87}.Release|Any CPU.ActiveCfg = Release|Any CPU
		{97E64188-A36C-484B-85B8-11205715AD87}.Release|Any CPU.Build.0 = Release|Any CPU
		{B7305398-8483-43E0-912D-ED6FF00A54EB}.Debug|Any CPU.ActiveCfg = Debug|Any CPU
		{B7305398-8483-43E0-912D-ED6FF00A54EB}.Debug|Any CPU.Build.0 = Debug|Any CPU
		{B7305398-8483-43E0-912D-ED6FF00A54EB}.Release|Any CPU.ActiveCfg = Release|Any CPU
		{B7305398-8483-43E0-912D-ED6FF00A54EB}.Release|Any CPU.Build.0 = Release|Any CPU
		{A0B7CF48-10A1-49C0-A1A6-1805C433ED75}.Debug|Any CPU.ActiveCfg = Debug|Any CPU
		{A0B7CF48-10A1-49C0-A1A6-1805C433ED75}.Debug|Any CPU.Build.0 = Debug|Any CPU
		{A0B7CF48-10A1-49C0-A1A6-1805C433ED75}.Release|Any CPU.ActiveCfg = Release|Any CPU
		{A0B7CF48-10A1-49C0-A1A6-1805C433ED75}.Release|Any CPU.Build.0 = Release|Any CPU
	EndGlobalSection
	GlobalSection(SolutionProperties) = preSolution
		HideSolutionNode = FALSE
	EndGlobalSection
	GlobalSection(ExtensibilityGlobals) = postSolution
		SolutionGuid = {78C3C8DF-8B5C-484B-B90B-FA80C3FB3321}
	EndGlobalSection
EndGlobal
