
Microsoft Visual Studio Solution File, Format Version 12.00
# Visual Studio Version 17
VisualStudioVersion = 17.6.33829.357
MinimumVisualStudioVersion = 10.0.40219.1
Project("{FAE04EC0-301F-11D3-BF4B-00C04F79EFBC}") = "Parte018", "Parte018.csproj", "{01B71E0C-3081-47EC-B732-1C41A029F347}"
EndProject
Global
	GlobalSection(SolutionConfigurationPlatforms) = preSolution
		Debug|Any CPU = Debug|Any CPU
		Release|Any CPU = Release|Any CPU
	EndGlobalSection
	GlobalSection(ProjectConfigurationPlatforms) = postSolution
		{01B71E0C-3081-47EC-B732-1C41A029F347}.Debug|Any CPU.ActiveCfg = Debug|Any CPU
		{01B71E0C-3081-47EC-B732-1C41A029F347}.Debug|Any CPU.Build.0 = Debug|Any CPU
		{01B71E0C-3081-47EC-B732-1C41A029F347}.Release|Any CPU.ActiveCfg = Release|Any CPU
		{01B71E0C-3081-47EC-B732-1C41A029F347}.Release|Any CPU.Build.0 = Release|Any CPU
	EndGlobalSection
	GlobalSection(SolutionProperties) = preSolution
		HideSolutionNode = FALSE
	EndGlobalSection
	GlobalSection(ExtensibilityGlobals) = postSolution
		SolutionGuid = {FA4B41C9-F594-43DD-94B1-24FA2A12AB33}
	EndGlobalSection
EndGlobal
